
Microsoft Visual Studio Solution File, Format Version 12.00
# Visual Studio 15
VisualStudioVersion = 15.0.28307.705
MinimumVisualStudioVersion = 10.0.40219.1
Project("{FAE04EC0-301F-11D3-BF4B-00C04F79EFBC}") = "CSharpSeleniumJumpStart", "SeleniumJumpLatest\CSharpSeleniumJumpStart.csproj", "{8718C17A-03DE-40E0-9D84-83E452BFAF44}"
EndProject
Global
	GlobalSection(SolutionConfigurationPlatforms) = preSolution
		Debug|Any CPU = Debug|Any CPU
		Release|Any CPU = Release|Any CPU
	EndGlobalSection
	GlobalSection(ProjectConfigurationPlatforms) = postSolution
		{8718C17A-03DE-40E0-9D84-83E452BFAF44}.Debug|Any CPU.ActiveCfg = Debug|Any CPU
		{8718C17A-03DE-40E0-9D84-83E452BFAF44}.Debug|Any CPU.Build.0 = Debug|Any CPU
		{8718C17A-03DE-40E0-9D84-83E452BFAF44}.Release|Any CPU.ActiveCfg = Release|Any CPU
		{8718C17A-03DE-40E0-9D84-83E452BFAF44}.Release|Any CPU.Build.0 = Release|Any CPU
	EndGlobalSection
	GlobalSection(SolutionProperties) = preSolution
		HideSolutionNode = FALSE
	EndGlobalSection
	GlobalSection(ExtensibilityGlobals) = postSolution
		SolutionGuid = {7EAB1AB8-6F99-4476-BE33-7034BCC0D001}
	EndGlobalSection
EndGlobal
